// !$*UTF8*$!
{
	archiveVersion = 1;
	classes = {
	};
	objectVersion = 77;
	objects = {

/* Begin PBXBuildFile section */
		54522FC2306B534D008A9DB2 /* AppDelegate.swift in Sources */ = {isa = PBXBuildFile; fileRef = 54522FC1306B534D008A9DB2 /* AppDelegate.swift */; };
		54522FC6306B534D008A9DB2 /* Main.html in Resources */ = {isa = PBXBuildFile; fileRef = 54522FC4306B534D008A9DB2 /* Main.html */; };
		54522FC8306B534D008A9DB2 /* Icon.png in Resources */ = {isa = PBXBuildFile; fileRef = 54522FC7306B534D008A9DB2 /* Icon.png */; };
		54522FCA306B534D008A9DB2 /* Style.css in Resources */ = {isa = PBXBuildFile; fileRef = 54522FC9306B534D008A9DB2 /* Style.css */; };
		54522FCC306B534D008A9DB2 /* Script.js in Resources */ = {isa = PBXBuildFile; fileRef = 54522FCB306B534D008A9DB2 /* Script.js */; };
		54522FCE306B534D008A9DB2 /* ViewController.swift in Sources */ = {isa = PBXBuildFile; fileRef = 54522FCD306B534D008A9DB2 /* ViewController.swift */; };
		54522FD1306B534D008A9DB2 /* Main.storyboard in Resources */ = {isa = PBXBuildFile; fileRef = 54522FCF306B534D008A9DB2 /* Main.storyboard */; };
		54522FD3306B534D008A9DB2 /* Assets.xcassets in Resources */ = {isa = PBXBuildFile; fileRef = 54522FD2306B534D008A9DB2 /* Assets.xcassets */; };
		54522FDA306B534E008A9DB2 /* FocusLitSafari Extension.appex in Embed Foundation Extensions */ = {isa = PBXBuildFile; fileRef = 54522FD9306B534E008A9DB2 /* FocusLitSafari Extension.appex */; settings = {ATTRIBUTES = (RemoveHeadersOnCopy, ); }; };
		54522FDF306B534E008A9DB2 /* SafariWebExtensionHandler.swift in Sources */ = {isa = PBXBuildFile; fileRef = 54522FDE306B534E008A9DB2 /* SafariWebExtensionHandler.swift */; };
		54522FEE306B534E008A9DB2 /* background.js in Resources */ = {isa = PBXBuildFile; fileRef = 54522FEB306B534E008A9DB2 /* background.js */; };
		54522FEF306B534E008A9DB2 /* manifest.json in Resources */ = {isa = PBXBuildFile; fileRef = 54522FEC306B534E008A9DB2 /* manifest.json */; };
		54522FF0306B534E008A9DB2 /* focuslit-safari-test-page in Resources */ = {isa = PBXBuildFile; fileRef = 54522FED306B534E008A9DB2 /* focuslit-safari-test-page */; };
/* End PBXBuildFile section */

/* Begin PBXContainerItemProxy section */
		54522FDB306B534E008A9DB2 /* PBXContainerItemProxy */ = {
			isa = PBXContainerItemProxy;
			containerPortal = 54522FB6306B534D008A9DB2 /* Project object */;
			proxyType = 1;
			remoteGlobalIDString = 54522FD8306B534E008A9DB2;
			remoteInfo = "FocusLitSafari Extension";
		};
/* End PBXContainerItemProxy section */

/* Begin PBXCopyFilesBuildPhase section */
		54522FE6306B534E008A9DB2 /* Embed Foundation Extensions */ = {
			isa = PBXCopyFilesBuildPhase;
			buildActionMask = 2147483647;
			dstPath = "";
			dstSubfolderSpec = 13;
			files = (
				54522FDA306B534E008A9DB2 /* FocusLitSafari Extension.appex in Embed Foundation Extensions */,
			);
			name = "Embed Foundation Extensions";
			runOnlyForDeploymentPostprocessing = 0;
		};
/* End PBXCopyFilesBuildPhase section */

/* Begin PBXFileReference section */
		54522FBE306B534D008A9DB2 /* FocusLitSafari.app */ = {isa = PBXFileReference; explicitFileType = wrapper.application; includeInIndex = 0; path = FocusLitSafari.app; sourceTree = BUILT_PRODUCTS_DIR; };
		54522FC1306B534D008A9DB2 /* AppDelegate.swift */ = {isa = PBXFileReference; lastKnownFileType = sourcecode.swift; path = AppDelegate.swift; sourceTree = "<group>"; };
		54522FC5306B534D008A9DB2 /* Base */ = {isa = PBXFileReference; lastKnownFileType = text.html; name = Base; path = Base.lproj/Main.html; sourceTree = "<group>"; };
		54522FC7306B534D008A9DB2 /* Icon.png */ = {isa = PBXFileReference; lastKnownFileType = image.png; path = Icon.png; sourceTree = "<group>"; };
		54522FC9306B534D008A9DB2 /* Style.css */ = {isa = PBXFileReference; lastKnownFileType = text.css; path = Style.css; sourceTree = "<group>"; };
		54522FCB306B534D008A9DB2 /* Script.js */ = {isa = PBXFileReference; lastKnownFileType = sourcecode.javascript; path = Script.js; sourceTree = "<group>"; };
		54522FCD306B534D008A9DB2 /* ViewController.swift */ = {isa = PBXFileReference; lastKnownFileType = sourcecode.swift; path = ViewController.swift; sourceTree = "<group>"; };
		54522FD0306B534D008A9DB2 /* Base */ = {isa = PBXFileReference; lastKnownFileType = file.storyboard; name = Base; path = Base.lproj/Main.storyboard; sourceTree = "<group>"; };
		54522FD2306B534D008A9DB2 /* Assets.xcassets */ = {isa = PBXFileReference; lastKnownFileType = folder.assetcatalog; path = Assets.xcassets; sourceTree = "<group>"; };
		54522FD4306B534D008A9DB2 /* Info.plist */ = {isa = PBXFileReference; lastKnownFileType = text.plist.xml; path = Info.plist; sourceTree = "<group>"; };
		54522FD9306B534E008A9DB2 /* FocusLitSafari Extension.appex */ = {isa = PBXFileReference; explicitFileType = "wrapper.app-extension"; includeInIndex = 0; path = "FocusLitSafari Extension.appex"; sourceTree = BUILT_PRODUCTS_DIR; };
		54522FDE306B534E008A9DB2 /* SafariWebExtensionHandler.swift */ = {isa = PBXFileReference; lastKnownFileType = sourcecode.swift; path = SafariWebExtensionHandler.swift; sourceTree = "<group>"; };
		54522FE0306B534E008A9DB2 /* Info.plist */ = {isa = PBXFileReference; lastKnownFileType = text.plist.xml; path = Info.plist; sourceTree = "<group>"; };
		54522FEB306B534E008A9DB2 /* background.js */ = {isa = PBXFileReference; lastKnownFileType = sourcecode.javascript; name = background.js; path = Resources/background.js; sourceTree = "<group>"; };
		54522FEC306B534E008A9DB2 /* manifest.json */ = {isa = PBXFileReference; lastKnownFileType = text.json; name = manifest.json; path = Resources/manifest.json; sourceTree = "<group>"; };
		54522FED306B534E008A9DB2 /* focuslit-safari-test-page */ = {isa = PBXFileReference; lastKnownFileType = folder; name = "focuslit-safari-test-page"; path = "Resources/focuslit-safari-test-page"; sourceTree = "<group>"; };
/* End PBXFileReference section */

/* Begin PBXFrameworksBuildPhase section */
		54522FBB306B534D008A9DB2 /* Frameworks */ = {
			isa = PBXFrameworksBuildPhase;
			buildActionMask = 2147483647;
			files = (
			);
			runOnlyForDeploymentPostprocessing = 0;
		};
		54522FD6306B534E008A9DB2 /* Frameworks */ = {
			isa = PBXFrameworksBuildPhase;
			buildActionMask = 2147483647;
			files = (
			);
			runOnlyForDeploymentPostprocessing = 0;
		};
/* End PBXFrameworksBuildPhase section */

/* Begin PBXGroup section */
		54522FB5306B534D008A9DB2 = {
			isa = PBXGroup;
			children = (
				54522FC0306B534D008A9DB2 /* FocusLitSafari */,
				54522FDD306B534E008A9DB2 /* FocusLitSafari Extension */,
				54522FBF306B534D008A9DB2 /* Products */,
			);
			sourceTree = "<group>";
		};
		54522FBF306B534D008A9DB2 /* Products */ = {
			isa = PBXGroup;
			children = (
				54522FBE306B534D008A9DB2 /* FocusLitSafari.app */,
				54522FD9306B534E008A9DB2 /* FocusLitSafari Extension.appex */,
			);
			name = Products;
			sourceTree = "<group>";
		};
		54522FC0306B534D008A9DB2 /* FocusLitSafari */ = {
			isa = PBXGroup;
			children = (
				54522FC1306B534D008A9DB2 /* AppDelegate.swift */,
				54522FCD306B534D008A9DB2 /* ViewController.swift */,
				54522FCF306B534D008A9DB2 /* Main.storyboard */,
				54522FD2306B534D008A9DB2 /* Assets.xcassets */,
				54522FD4306B534D008A9DB2 /* Info.plist */,
				54522FC3306B534D008A9DB2 /* Resources */,
			);
			path = FocusLitSafari;
			sourceTree = "<group>";
		};
		54522FC3306B534D008A9DB2 /* Resources */ = {
			isa = PBXGroup;
			children = (
				54522FC4306B534D008A9DB2 /* Main.html */,
				54522FC7306B534D008A9DB2 /* Icon.png */,
				54522FC9306B534D008A9DB2 /* Style.css */,
				54522FCB306B534D008A9DB2 /* Script.js */,
			);
			path = Resources;
			sourceTree = "<group>";
		};
		54522FDD306B534E008A9DB2 /* FocusLitSafari Extension */ = {
			isa = PBXGroup;
			children = (
				54522FEA306B534E008A9DB2 /* Resources */,
				54522FDE306B534E008A9DB2 /* SafariWebExtensionHandler.swift */,
				54522FE0306B534E008A9DB2 /* Info.plist */,
			);
			path = "FocusLitSafari Extension";
			sourceTree = "<group>";
		};
		54522FEA306B534E008A9DB2 /* Resources */ = {
			isa = PBXGroup;
			children = (
				54522FEB306B534E008A9DB2 /* background.js */,
				54522FEC306B534E008A9DB2 /* manifest.json */,
				54522FED306B534E008A9DB2 /* focuslit-safari-test-page */,
			);
			name = Resources;
			path = "FocusLitSafari Extension";
			sourceTree = SOURCE_ROOT;
		};
/* End PBXGroup section */

/* Begin PBXNativeTarget section */
		54522FBD306B534D008A9DB2 /* FocusLitSafari */ = {
			isa = PBXNativeTarget;
			buildConfigurationList = 54522FE7306B534E008A9DB2 /* Build configuration list for PBXNativeTarget "FocusLitSafari" */;
			buildPhases = (
				54522FBA306B534D008A9DB2 /* Sources */,
				54522FBB306B534D008A9DB2 /* Frameworks */,
				54522FBC306B534D008A9DB2 /* Resources */,
				54522FE6306B534E008A9DB2 /* Embed Foundation Extensions */,
			);
			buildRules = (
			);
			dependencies = (
				54522FDC306B534E008A9DB2 /* PBXTargetDependency */,
			);
			name = FocusLitSafari;
			packageProductDependencies = (
			);
			productName = FocusLitSafari;
			productReference = 54522FBE306B534D008A9DB2 /* FocusLitSafari.app */;
			productType = "com.apple.product-type.application";
		};
		54522FD8306B534E008A9DB2 /* FocusLitSafari Extension */ = {
			isa = PBXNativeTarget;
			buildConfigurationList = 54522FE3306B534E008A9DB2 /* Build configuration list for PBXNativeTarget "FocusLitSafari Extension" */;
			buildPhases = (
				54522FD5306B534E008A9DB2 /* Sources */,
				54522FD6306B534E008A9DB2 /* Frameworks */,
				54522FD7306B534E008A9DB2 /* Resources */,
			);
			buildRules = (
			);
			dependencies = (
			);
			name = "FocusLitSafari Extension";
			packageProductDependencies = (
			);
			productName = "FocusLitSafari Extension";
			productReference = 54522FD9306B534E008A9DB2 /* FocusLitSafari Extension.appex */;
			productType = "com.apple.product-type.app-extension";
		};
/* End PBXNativeTarget section */

/* Begin PBXProject section */
		54522FB6306B534D008A9DB2 /* Project object */ = {
			isa = PBXProject;
			attributes = {
				BuildIndependentTargetsInParallel = 1;
				LastSwiftUpdateCheck = 2610;
				LastUpgradeCheck = 2610;
				TargetAttributes = {
					54522FBD306B534D008A9DB2 = {
						CreatedOnToolsVersion = 26.1.1;
					};
					54522FD8306B534E008A9DB2 = {
						CreatedOnToolsVersion = 26.1.1;
					};
				};
			};
			buildConfigurationList = 54522FB9306B534D008A9DB2 /* Build configuration list for PBXProject "FocusLitSafari" */;
			developmentRegion = en;
			hasScannedForEncodings = 0;
			knownRegions = (
				en,
				Base,
			);
			mainGroup = 54522FB5306B534D008A9DB2;
			minimizedProjectReferenceProxies = 1;
			preferredProjectObjectVersion = 77;
			productRefGroup = 54522FBF306B534D008A9DB2 /* Products */;
			projectDirPath = "";
			projectRoot = "";
			targets = (
				54522FBD306B534D008A9DB2 /* FocusLitSafari */,
				54522FD8306B534E008A9DB2 /* FocusLitSafari Extension */,
			);
		};
/* End PBXProject section */

/* Begin PBXResourcesBuildPhase section */
		54522FBC306B534D008A9DB2 /* Resources */ = {
			isa = PBXResourcesBuildPhase;
			buildActionMask = 2147483647;
			files = (
				54522FC8306B534D008A9DB2 /* Icon.png in Resources */,
				54522FD1306B534D008A9DB2 /* Main.storyboard in Resources */,
				54522FCC306B534D008A9DB2 /* Script.js in Resources */,
				54522FC6306B534D008A9DB2 /* Main.html in Resources */,
				54522FD3306B534D008A9DB2 /* Assets.xcassets in Resources */,
				54522FCA306B534D008A9DB2 /* Style.css in Resources */,
			);
			runOnlyForDeploymentPostprocessing = 0;
		};
		54522FD7306B534E008A9DB2 /* Resources */ = {
			isa = PBXResourcesBuildPhase;
			buildActionMask = 2147483647;
			files = (
				54522FEF306B534E008A9DB2 /* manifest.json in Resources */,
				54522FF0306B534E008A9DB2 /* focuslit-safari-test-page in Resources */,
				54522FEE306B534E008A9DB2 /* background.js in Resources */,
			);
			runOnlyForDeploymentPostprocessing = 0;
		};
/* End PBXResourcesBuildPhase section */

/* Begin PBXSourcesBuildPhase section */
		54522FBA306B534D008A9DB2 /* Sources */ = {
			isa = PBXSourcesBuildPhase;
			buildActionMask = 2147483647;
			files = (
				54522FCE306B534D008A9DB2 /* ViewController.swift in Sources */,
				54522FC2306B534D008A9DB2 /* AppDelegate.swift in Sources */,
			);
			runOnlyForDeploymentPostprocessing = 0;
		};
		54522FD5306B534E008A9DB2 /* Sources */ = {
			isa = PBXSourcesBuildPhase;
			buildActionMask = 2147483647;
			files = (
				54522FDF306B534E008A9DB2 /* SafariWebExtensionHandler.swift in Sources */,
			);
			runOnlyForDeploymentPostprocessing = 0;
		};
/* End PBXSourcesBuildPhase section */

/* Begin PBXTargetDependency section */
		54522FDC306B534E008A9DB2 /* PBXTargetDependency */ = {
			isa = PBXTargetDependency;
			target = 54522FD8306B534E008A9DB2 /* FocusLitSafari Extension */;
			targetProxy = 54522FDB306B534E008A9DB2 /* PBXContainerItemProxy */;
		};
/* End PBXTargetDependency section */

/* Begin PBXVariantGroup section */
		54522FC4306B534D008A9DB2 /* Main.html */ = {
			isa = PBXVariantGroup;
			children = (
				54522FC5306B534D008A9DB2 /* Base */,
			);
			name = Main.html;
			sourceTree = "<group>";
		};
		54522FCF306B534D008A9DB2 /* Main.storyboard */ = {
			isa = PBXVariantGroup;
			children = (
				54522FD0306B534D008A9DB2 /* Base */,
			);
			name = Main.storyboard;
			sourceTree = "<group>";
		};
/* End PBXVariantGroup section */

/* Begin XCBuildConfiguration section */
		54522FE1306B534E008A9DB2 /* Debug */ = {
			isa = XCBuildConfiguration;
			buildSettings = {
				ALWAYS_SEARCH_USER_PATHS = NO;
				ASSETCATALOG_COMPILER_GENERATE_SWIFT_ASSET_SYMBOL_EXTENSIONS = YES;
				CLANG_ANALYZER_NONNULL = YES;
				CLANG_ANALYZER_NUMBER_OBJECT_CONVERSION = YES_AGGRESSIVE;
				CLANG_CXX_LANGUAGE_STANDARD = "gnu++20";
				CLANG_ENABLE_MODULES = YES;
				CLANG_ENABLE_OBJC_ARC = YES;
				CLANG_ENABLE_OBJC_WEAK = YES;
				CLANG_WARN_BLOCK_CAPTURE_AUTORELEASING = YES;
				CLANG_WARN_BOOL_CONVERSION = YES;
				CLANG_WARN_COMMA = YES;
				CLANG_WARN_CONSTANT_CONVERSION = YES;
				CLANG_WARN_DEPRECATED_OBJC_IMPLEMENTATIONS = YES;
				CLANG_WARN_DIRECT_OBJC_ISA_USAGE = YES_ERROR;
				CLANG_WARN_DOCUMENTATION_COMMENTS = YES;
				CLANG_WARN_EMPTY_BODY = YES;
				CLANG_WARN_ENUM_CONVERSION = YES;
				CLANG_WARN_INFINITE_RECURSION = YES;
				CLANG_WARN_INT_CONVERSION = YES;
				CLANG_WARN_NON_LITERAL_NULL_CONVERSION = YES;
				CLANG_WARN_OBJC_IMPLICIT_RETAIN_SELF = YES;
				CLANG_WARN_OBJC_LITERAL_CONVERSION = YES;
				CLANG_WARN_OBJC_ROOT_CLASS = YES_ERROR;
				CLANG_WARN_QUOTED_INCLUDE_IN_FRAMEWORK_HEADER = YES;
				CLANG_WARN_RANGE_LOOP_ANALYSIS = YES;
				CLANG_WARN_STRICT_PROTOTYPES = YES;
				CLANG_WARN_SUSPICIOUS_MOVE = YES;
				CLANG_WARN_UNGUARDED_AVAILABILITY = YES_AGGRESSIVE;
				CLANG_WARN_UNREACHABLE_CODE = YES;
				CLANG_WARN__DUPLICATE_METHOD_MATCH = YES;
				COPY_PHASE_STRIP = NO;
				DEBUG_INFORMATION_FORMAT = dwarf;
				ENABLE_STRICT_OBJC_MSGSEND = YES;
				ENABLE_TESTABILITY = YES;
				ENABLE_USER_SCRIPT_SANDBOXING = YES;
				GCC_C_LANGUAGE_STANDARD = gnu17;
				GCC_DYNAMIC_NO_PIC = NO;
				GCC_NO_COMMON_BLOCKS = YES;
				GCC_OPTIMIZATION_LEVEL = 0;
				GCC_PREPROCESSOR_DEFINITIONS = (
					"DEBUG=1",
					"$(inherited)",
				);
				GCC_WARN_64_TO_32_BIT_CONVERSION = YES;
				GCC_WARN_ABOUT_RETURN_TYPE = YES_ERROR;
				GCC_WARN_UNDECLARED_SELECTOR = YES;
				GCC_WARN_UNINITIALIZED_AUTOS = YES_AGGRESSIVE;
				GCC_WARN_UNUSED_FUNCTION = YES;
				GCC_WARN_UNUSED_VARIABLE = YES;
				LOCALIZATION_PREFERS_STRING_CATALOGS = YES;
				MACOSX_DEPLOYMENT_TARGET = 26.1;
				MTL_ENABLE_DEBUG_INFO = INCLUDE_SOURCE;
				MTL_FAST_MATH = YES;
				ONLY_ACTIVE_ARCH = YES;
				SDKROOT = macosx;
				SWIFT_ACTIVE_COMPILATION_CONDITIONS = "DEBUG $(inherited)";
				SWIFT_OPTIMIZATION_LEVEL = "-Onone";
			};
			name = Debug;
		};
		54522FE2306B534E008A9DB2 /* Release */ = {
			isa = XCBuildConfiguration;
			buildSettings = {
				ALWAYS_SEARCH_USER_PATHS = NO;
				ASSETCATALOG_COMPILER_GENERATE_SWIFT_ASSET_SYMBOL_EXTENSIONS = YES;
				CLANG_ANALYZER_NONNULL = YES;
				CLANG_ANALYZER_NUMBER_OBJECT_CONVERSION = YES_AGGRESSIVE;
				CLANG_CXX_LANGUAGE_STANDARD = "gnu++20";
				CLANG_ENABLE_MODULES = YES;
				CLANG_ENABLE_OBJC_ARC = YES;
				CLANG_ENABLE_OBJC_WEAK = YES;
				CLANG_WARN_BLOCK_CAPTURE_AUTORELEASING = YES;
				CLANG_WARN_BOOL_CONVERSION = YES;
				CLANG_WARN_COMMA = YES;
				CLANG_WARN_CONSTANT_CONVERSION = YES;
				CLANG_WARN_DEPRECATED_OBJC_IMPLEMENTATIONS = YES;
				CLANG_WARN_DIRECT_OBJC_ISA_USAGE = YES_ERROR;
				CLANG_WARN_DOCUMENTATION_COMMENTS = YES;
				CLANG_WARN_EMPTY_BODY = YES;
				CLANG_WARN_ENUM_CONVERSION = YES;
				CLANG_WARN_INFINITE_RECURSION = YES;
				CLANG_WARN_INT_CONVERSION = YES;
				CLANG_WARN_NON_LITERAL_NULL_CONVERSION = YES;
				CLANG_WARN_OBJC_IMPLICIT_RETAIN_SELF = YES;
				CLANG_WARN_OBJC_LITERAL_CONVERSION = YES;
				CLANG_WARN_OBJC_ROOT_CLASS = YES_ERROR;
				CLANG_WARN_QUOTED_INCLUDE_IN_FRAMEWORK_HEADER = YES;
				CLANG_WARN_RANGE_LOOP_ANALYSIS = YES;
				CLANG_WARN_STRICT_PROTOTYPES = YES;
				CLANG_WARN_SUSPICIOUS_MOVE = YES;
				CLANG_WARN_UNGUARDED_AVAILABILITY = YES_AGGRESSIVE;
				CLANG_WARN_UNREACHABLE_CODE = YES;
				CLANG_WARN__DUPLICATE_METHOD_MATCH = YES;
				COPY_PHASE_STRIP = NO;
				DEBUG_INFORMATION_FORMAT = "dwarf-with-dsym";
				ENABLE_NS_ASSERTIONS = NO;
				ENABLE_STRICT_OBJC_MSGSEND = YES;
				ENABLE_USER_SCRIPT_SANDBOXING = YES;
				GCC_C_LANGUAGE_STANDARD = gnu17;
				GCC_NO_COMMON_BLOCKS = YES;
				GCC_WARN_64_TO_32_BIT_CONVERSION = YES;
				GCC_WARN_ABOUT_RETURN_TYPE = YES_ERROR;
				GCC_WARN_UNDECLARED_SELECTOR = YES;
				GCC_WARN_UNINITIALIZED_AUTOS = YES_AGGRESSIVE;
				GCC_WARN_UNUSED_FUNCTION = YES;
				GCC_WARN_UNUSED_VARIABLE = YES;
				LOCALIZATION_PREFERS_STRING_CATALOGS = YES;
				MACOSX_DEPLOYMENT_TARGET = 26.1;
				MTL_ENABLE_DEBUG_INFO = NO;
				MTL_FAST_MATH = YES;
				SDKROOT = macosx;
				SWIFT_COMPILATION_MODE = wholemodule;
			};
			name = Release;
		};
		54522FE4306B534E008A9DB2 /* Debug */ = {
			isa = XCBuildConfiguration;
			buildSettings = {
				CODE_SIGN_STYLE = Automatic;
				DEVELOPMENT_TEAM = X3662FS6LB;
				CURRENT_PROJECT_VERSION = 1;
				ENABLE_APP_SANDBOX = YES;
				ENABLE_HARDENED_RUNTIME = YES;
				ENABLE_USER_SELECTED_FILES = readonly;
				GENERATE_INFOPLIST_FILE = YES;
				INFOPLIST_FILE = "FocusLitSafari Extension/Info.plist";
				INFOPLIST_KEY_CFBundleDisplayName = "FocusLitSafari Extension";
				INFOPLIST_KEY_NSHumanReadableCopyright = "";
				LD_RUNPATH_SEARCH_PATHS = (
					"$(inherited)",
					"@executable_path/../Frameworks",
					"@executable_path/../../../../Frameworks",
				);
				MACOSX_DEPLOYMENT_TARGET = 10.14;
				MARKETING_VERSION = 1.0;
				OTHER_LDFLAGS = (
					"-framework",
					SafariServices,
				);
				PRODUCT_BUNDLE_IDENTIFIER = com.andreweats.focuslit.safari.Extension;
				PRODUCT_NAME = "$(TARGET_NAME)";
				SKIP_INSTALL = YES;
				STRING_CATALOG_GENERATE_SYMBOLS = YES;
				SWIFT_APPROACHABLE_CONCURRENCY = YES;
				SWIFT_EMIT_LOC_STRINGS = YES;
				SWIFT_UPCOMING_FEATURE_MEMBER_IMPORT_VISIBILITY = YES;
				SWIFT_VERSION = 5.0;
			};
			name = Debug;
		};
		54522FE5306B534E008A9DB2 /* Release */ = {
			isa = XCBuildConfiguration;
			buildSettings = {
				CODE_SIGN_STYLE = Automatic;
				DEVELOPMENT_TEAM = X3662FS6LB;
				CURRENT_PROJECT_VERSION = 1;
				ENABLE_APP_SANDBOX = YES;
				ENABLE_HARDENED_RUNTIME = YES;
				ENABLE_USER_SELECTED_FILES = readonly;
				GENERATE_INFOPLIST_FILE = YES;
				INFOPLIST_FILE = "FocusLitSafari Extension/Info.plist";
				INFOPLIST_KEY_CFBundleDisplayName = "FocusLitSafari Extension";
				INFOPLIST_KEY_NSHumanReadableCopyright = "";
				LD_RUNPATH_SEARCH_PATHS = (
					"$(inherited)",
					"@executable_path/../Frameworks",
					"@executable_path/../../../../Frameworks",
				);
				MACOSX_DEPLOYMENT_TARGET = 10.14;
				MARKETING_VERSION = 1.0;
				OTHER_LDFLAGS = (
					"-framework",
					SafariServices,
				);
				PRODUCT_BUNDLE_IDENTIFIER = com.andreweats.focuslit.safari.Extension;
				PRODUCT_NAME = "$(TARGET_NAME)";
				SKIP_INSTALL = YES;
				STRING_CATALOG_GENERATE_SYMBOLS = YES;
				SWIFT_APPROACHABLE_CONCURRENCY = YES;
				SWIFT_EMIT_LOC_STRINGS = YES;
				SWIFT_UPCOMING_FEATURE_MEMBER_IMPORT_VISIBILITY = YES;
				SWIFT_VERSION = 5.0;
			};
			name = Release;
		};
		54522FE8306B534E008A9DB2 /* Debug */ = {
			isa = XCBuildConfiguration;
			buildSettings = {
				ASSETCATALOG_COMPILER_APPICON_NAME = AppIcon;
				ASSETCATALOG_COMPILER_GLOBAL_ACCENT_COLOR_NAME = AccentColor;
				CODE_SIGN_STYLE = Automatic;
				DEVELOPMENT_TEAM = X3662FS6LB;
				COMBINE_HIDPI_IMAGES = YES;
				CURRENT_PROJECT_VERSION = 1;
				ENABLE_APP_SANDBOX = YES;
				ENABLE_HARDENED_RUNTIME = YES;
				ENABLE_OUTGOING_NETWORK_CONNECTIONS = NO;
				ENABLE_USER_SELECTED_FILES = readonly;
				GENERATE_INFOPLIST_FILE = YES;
				INFOPLIST_FILE = FocusLitSafari/Info.plist;
				INFOPLIST_KEY_CFBundleDisplayName = FocusLitSafari;
				INFOPLIST_KEY_NSHumanReadableCopyright = "";
				INFOPLIST_KEY_NSPrincipalClass = NSApplication;
				LD_RUNPATH_SEARCH_PATHS = (
					"$(inherited)",
					"@executable_path/../Frameworks",
				);
				MARKETING_VERSION = 1.0;
				OTHER_LDFLAGS = (
					"-framework",
					SafariServices,
					"-framework",
					WebKit,
				);
				PRODUCT_BUNDLE_IDENTIFIER = com.andreweats.focuslit.safari;
				PRODUCT_NAME = "$(TARGET_NAME)";
				STRING_CATALOG_GENERATE_SYMBOLS = YES;
				SWIFT_APPROACHABLE_CONCURRENCY = YES;
				SWIFT_DEFAULT_ACTOR_ISOLATION = MainActor;
				SWIFT_EMIT_LOC_STRINGS = YES;
				SWIFT_UPCOMING_FEATURE_MEMBER_IMPORT_VISIBILITY = YES;
				SWIFT_VERSION = 5.0;
			};
			name = Debug;
		};
		54522FE9306B534E008A9DB2 /* Release */ = {
			isa = XCBuildConfiguration;
			buildSettings = {
				ASSETCATALOG_COMPILER_APPICON_NAME = AppIcon;
				ASSETCATALOG_COMPILER_GLOBAL_ACCENT_COLOR_NAME = AccentColor;
				CODE_SIGN_STYLE = Automatic;
				DEVELOPMENT_TEAM = X3662FS6LB;
				COMBINE_HIDPI_IMAGES = YES;
				CURRENT_PROJECT_VERSION = 1;
				ENABLE_APP_SANDBOX = YES;
				ENABLE_HARDENED_RUNTIME = YES;
				ENABLE_OUTGOING_NETWORK_CONNECTIONS = NO;
				ENABLE_USER_SELECTED_FILES = readonly;
				GENERATE_INFOPLIST_FILE = YES;
				INFOPLIST_FILE = FocusLitSafari/Info.plist;
				INFOPLIST_KEY_CFBundleDisplayName = FocusLitSafari;
				INFOPLIST_KEY_NSHumanReadableCopyright = "";
				INFOPLIST_KEY_NSPrincipalClass = NSApplication;
				LD_RUNPATH_SEARCH_PATHS = (
					"$(inherited)",
					"@executable_path/../Frameworks",
				);
				MARKETING_VERSION = 1.0;
				OTHER_LDFLAGS = (
					"-framework",
					SafariServices,
					"-framework",
					WebKit,
				);
				PRODUCT_BUNDLE_IDENTIFIER = com.andreweats.focuslit.safari;
				PRODUCT_NAME = "$(TARGET_NAME)";
				STRING_CATALOG_GENERATE_SYMBOLS = YES;
				SWIFT_APPROACHABLE_CONCURRENCY = YES;
				SWIFT_DEFAULT_ACTOR_ISOLATION = MainActor;
				SWIFT_EMIT_LOC_STRINGS = YES;
				SWIFT_UPCOMING_FEATURE_MEMBER_IMPORT_VISIBILITY = YES;
				SWIFT_VERSION = 5.0;
			};
			name = Release;
		};
/* End XCBuildConfiguration section */

/* Begin XCConfigurationList section */
		54522FB9306B534D008A9DB2 /* Build configuration list for PBXProject "FocusLitSafari" */ = {
			isa = XCConfigurationList;
			buildConfigurations = (
				54522FE1306B534E008A9DB2 /* Debug */,
				54522FE2306B534E008A9DB2 /* Release */,
			);
			defaultConfigurationIsVisible = 0;
			defaultConfigurationName = Release;
		};
		54522FE3306B534E008A9DB2 /* Build configuration list for PBXNativeTarget "FocusLitSafari Extension" */ = {
			isa = XCConfigurationList;
			buildConfigurations = (
				54522FE4306B534E008A9DB2 /* Debug */,
				54522FE5306B534E008A9DB2 /* Release */,
			);
			defaultConfigurationIsVisible = 0;
			defaultConfigurationName = Release;
		};
		54522FE7306B534E008A9DB2 /* Build configuration list for PBXNativeTarget "FocusLitSafari" */ = {
			isa = XCConfigurationList;
			buildConfigurations = (
				54522FE8306B534E008A9DB2 /* Debug */,
				54522FE9306B534E008A9DB2 /* Release */,
			);
			defaultConfigurationIsVisible = 0;
			defaultConfigurationName = Release;
		};
/* End XCConfigurationList section */
	};
	rootObject = 54522FB6306B534D008A9DB2 /* Project object */;
}
